
Microsoft Visual Studio Solution File, Format Version 12.00
# Visual Studio Version 16
VisualStudioVersion = 16.0.29324.140
MinimumVisualStudioVersion = 10.0.40219.1
Project("{FAE04EC0-301F-11D3-BF4B-00C04F79EFBC}") = "XMLProject", "XMLProject\XMLProject.csproj", "{79530C1B-EAB9-4A32-82C7-9333F24F3E91}"
EndProject
Global
	GlobalSection(SolutionConfigurationPlatforms) = preSolution
		Debug|Any CPU = Debug|Any CPU
		Release|Any CPU = Release|Any CPU
	EndGlobalSection
	GlobalSection(ProjectConfigurationPlatforms) = postSolution
		{79530C1B-EAB9-4A32-82C7-9333F24F3E91}.Debug|Any CPU.ActiveCfg = Debug|Any CPU
		{79530C1B-EAB9-4A32-82C7-9333F24F3E91}.Debug|Any CPU.Build.0 = Debug|Any CPU
		{79530C1B-EAB9-4A32-82C7-9333F24F3E91}.Release|Any CPU.ActiveCfg = Release|Any CPU
		{79530C1B-EAB9-4A32-82C7-9333F24F3E91}.Release|Any CPU.Build.0 = Release|Any CPU
	EndGlobalSection
	GlobalSection(SolutionProperties) = preSolution
		HideSolutionNode = FALSE
	EndGlobalSection
	GlobalSection(ExtensibilityGlobals) = postSolution
		SolutionGuid = {1052AA9D-C250-4FB0-9121-BB686D117A25}
	EndGlobalSection
EndGlobal
